// !$*UTF8*$!
{
	archiveVersion = 1;
	classes = {
	};
	objectVersion = 46;
	objects = {

/* Begin PBXBuildFile section */
		7701C08A1F737E8C00BB1D6F /* main.c in Sources */ = {isa = PBXBuildFile; fileRef = 7701C0891F737E8C00BB1D6F /* main.c */; };
		7701C0981F737F3100BB1D6F /* i2cfunc.c in Sources */ = {isa = PBXBuildFile; fileRef = 7701C0961F737F3100BB1D6F /* i2cfunc.c */; };
		777A7AF51F954BE7005697D6 /* ssr.c in Sources */ = {isa = PBXBuildFile; fileRef = 777A7AF31F954BE7005697D6 /* ssr.c */; };
/* End PBXBuildFile section */

/* Begin PBXCopyFilesBuildPhase section */
		7701C0841F737E8C00BB1D6F /* CopyFiles */ = {
			isa = PBXCopyFilesBuildPhase;
			buildActionMask = 2147483647;
			dstPath = /usr/share/man/man1/;
			dstSubfolderSpec = 0;
			files = (
			);
			runOnlyForDeploymentPostprocessing = 1;
		};
/* End PBXCopyFilesBuildPhase section */

/* Begin PBXFileReference section */
		7701C0861F737E8C00BB1D6F /* SSR-Board-Interface */ = {isa = PBXFileReference; explicitFileType = "compiled.mach-o.executable"; includeInIndex = 0; path = "SSR-Board-Interface"; sourceTree = BUILT_PRODUCTS_DIR; };
		7701C0891F737E8C00BB1D6F /* main.c */ = {isa = PBXFileReference; lastKnownFileType = sourcecode.c.c; path = main.c; sourceTree = "<group>"; };
		7701C0901F737ED400BB1D6F /* ssr_server.c */ = {isa = PBXFileReference; fileEncoding = 4; lastKnownFileType = sourcecode.c.c; path = ssr_server.c; sourceTree = "<group>"; };
		7701C0941F737F0000BB1D6F /* init.c */ = {isa = PBXFileReference; fileEncoding = 4; lastKnownFileType = sourcecode.c.c; path = init.c; sourceTree = "<group>"; };
		7701C0961F737F3100BB1D6F /* i2cfunc.c */ = {isa = PBXFileReference; fileEncoding = 4; lastKnownFileType = sourcecode.c.c; path = i2cfunc.c; sourceTree = "<group>"; };
		7701C0971F737F3100BB1D6F /* i2cfunc.h */ = {isa = PBXFileReference; fileEncoding = 4; lastKnownFileType = sourcecode.c.h; path = i2cfunc.h; sourceTree = "<group>"; };
		777A7AF31F954BE7005697D6 /* ssr.c */ = {isa = PBXFileReference; lastKnownFileType = sourcecode.c.c; path = ssr.c; sourceTree = "<group>"; };
		777A7AF41F954BE7005697D6 /* ssr.h */ = {isa = PBXFileReference; lastKnownFileType = sourcecode.c.h; path = ssr.h; sourceTree = "<group>"; };
/* End PBXFileReference section */

/* Begin PBXFrameworksBuildPhase section */
		7701C0831F737E8C00BB1D6F /* Frameworks */ = {
			isa = PBXFrameworksBuildPhase;
			buildActionMask = 2147483647;
			files = (
			);
			runOnlyForDeploymentPostprocessing = 0;
		};
/* End PBXFrameworksBuildPhase section */

/* Begin PBXGroup section */
		7701C07D1F737E8C00BB1D6F = {
			isa = PBXGroup;
			children = (
				7701C0881F737E8C00BB1D6F /* SSR-Board-Interface */,
				7701C0871F737E8C00BB1D6F /* Products */,
			);
			sourceTree = "<group>";
		};
		7701C0871F737E8C00BB1D6F /* Products */ = {
			isa = PBXGroup;
			children = (
				7701C0861F737E8C00BB1D6F /* SSR-Board-Interface */,
			);
			name = Products;
			sourceTree = "<group>";
		};
		7701C0881F737E8C00BB1D6F /* SSR-Board-Interface */ = {
			isa = PBXGroup;
			children = (
				7701C0891F737E8C00BB1D6F /* main.c */,
				7701C0961F737F3100BB1D6F /* i2cfunc.c */,
				7701C0971F737F3100BB1D6F /* i2cfunc.h */,
				7701C0901F737ED400BB1D6F /* ssr_server.c */,
				7701C0941F737F0000BB1D6F /* init.c */,
				777A7AF31F954BE7005697D6 /* ssr.c */,
				777A7AF41F954BE7005697D6 /* ssr.h */,
			);
			path = "SSR-Board-Interface";
			sourceTree = "<group>";
		};
/* End PBXGroup section */

/* Begin PBXNativeTarget section */
		7701C0851F737E8C00BB1D6F /* SSR-Board-Interface */ = {
			isa = PBXNativeTarget;
			buildConfigurationList = 7701C08D1F737E8C00BB1D6F /* Build configuration list for PBXNativeTarget "SSR-Board-Interface" */;
			buildPhases = (
				7701C0821F737E8C00BB1D6F /* Sources */,
				7701C0831F737E8C00BB1D6F /* Frameworks */,
				7701C0841F737E8C00BB1D6F /* CopyFiles */,
			);
			buildRules = (
			);
			dependencies = (
			);
			name = "SSR-Board-Interface";
			productName = "SSR-Board-Interface";
			productReference = 7701C0861F737E8C00BB1D6F /* SSR-Board-Interface */;
			productType = "com.apple.product-type.tool";
		};
/* End PBXNativeTarget section */

/* Begin PBXProject section */
		7701C07E1F737E8C00BB1D6F /* Project object */ = {
			isa = PBXProject;
			attributes = {
				LastUpgradeCheck = 0830;
				ORGANIZATIONNAME = "Eddie Hurtig";
				TargetAttributes = {
					7701C0851F737E8C00BB1D6F = {
						CreatedOnToolsVersion = 8.3.3;
						ProvisioningStyle = Automatic;
					};
				};
			};
			buildConfigurationList = 7701C0811F737E8C00BB1D6F /* Build configuration list for PBXProject "SSR-Board-Interface" */;
			compatibilityVersion = "Xcode 3.2";
			developmentRegion = English;
			hasScannedForEncodings = 0;
			knownRegions = (
				en,
			);
			mainGroup = 7701C07D1F737E8C00BB1D6F;
			productRefGroup = 7701C0871F737E8C00BB1D6F /* Products */;
			projectDirPath = "";
			projectRoot = "";
			targets = (
				7701C0851F737E8C00BB1D6F /* SSR-Board-Interface */,
			);
		};
/* End PBXProject section */

/* Begin PBXSourcesBuildPhase section */
		7701C0821F737E8C00BB1D6F /* Sources */ = {
			isa = PBXSourcesBuildPhase;
			buildActionMask = 2147483647;
			files = (
				777A7AF51F954BE7005697D6 /* ssr.c in Sources */,
				7701C08A1F737E8C00BB1D6F /* main.c in Sources */,
				7701C0981F737F3100BB1D6F /* i2cfunc.c in Sources */,
			);
			runOnlyForDeploymentPostprocessing = 0;
		};
/* End PBXSourcesBuildPhase section */

/* Begin XCBuildConfiguration section */
		7701C08B1F737E8C00BB1D6F /* Debug */ = {
			isa = XCBuildConfiguration;
			buildSettings = {
				ALWAYS_SEARCH_USER_PATHS = NO;
				CLANG_ANALYZER_NONNULL = YES;
				CLANG_ANALYZER_NUMBER_OBJECT_CONVERSION = YES_AGGRESSIVE;
				CLANG_CXX_LANGUAGE_STANDARD = "gnu++0x";
				CLANG_CXX_LIBRARY = "libc++";
				CLANG_ENABLE_MODULES = YES;
				CLANG_ENABLE_OBJC_ARC = YES;
				CLANG_WARN_BOOL_CONVERSION = YES;
				CLANG_WARN_CONSTANT_CONVERSION = YES;
				CLANG_WARN_DIRECT_OBJC_ISA_USAGE = YES_ERROR;
				CLANG_WARN_DOCUMENTATION_COMMENTS = YES;
				CLANG_WARN_EMPTY_BODY = YES;
				CLANG_WARN_ENUM_CONVERSION = YES;
				CLANG_WARN_INFINITE_RECURSION = YES;
				CLANG_WARN_INT_CONVERSION = YES;
				CLANG_WARN_OBJC_ROOT_CLASS = YES_ERROR;
				CLANG_WARN_SUSPICIOUS_MOVE = YES;
				CLANG_WARN_UNREACHABLE_CODE = YES;
				CLANG_WARN__DUPLICATE_METHOD_MATCH = YES;
				CODE_SIGN_IDENTITY = "-";
				COPY_PHASE_STRIP = NO;
				DEBUG_INFORMATION_FORMAT = dwarf;
				ENABLE_STRICT_OBJC_MSGSEND = YES;
				ENABLE_TESTABILITY = YES;
				GCC_C_LANGUAGE_STANDARD = gnu99;
				GCC_DYNAMIC_NO_PIC = NO;
				GCC_NO_COMMON_BLOCKS = YES;
				GCC_OPTIMIZATION_LEVEL = 0;
				GCC_PREPROCESSOR_DEFINITIONS = (
					"DEBUG=1",
					"$(inherited)",
				);
				GCC_WARN_64_TO_32_BIT_CONVERSION = YES;
				GCC_WARN_ABOUT_RETURN_TYPE = YES_ERROR;
				GCC_WARN_UNDECLARED_SELECTOR = YES;
				GCC_WARN_UNINITIALIZED_AUTOS = YES_AGGRESSIVE;
				GCC_WARN_UNUSED_FUNCTION = YES;
				GCC_WARN_UNUSED_VARIABLE = YES;
				MACOSX_DEPLOYMENT_TARGET = 10.12;
				MTL_ENABLE_DEBUG_INFO = YES;
				ONLY_ACTIVE_ARCH = YES;
				SDKROOT = macosx;
			};
			name = Debug;
		};
		7701C08C1F737E8C00BB1D6F /* Release */ = {
			isa = XCBuildConfiguration;
			buildSettings = {
				ALWAYS_SEARCH_USER_PATHS = NO;
				CLANG_ANALYZER_NONNULL = YES;
				CLANG_ANALYZER_NUMBER_OBJECT_CONVERSION = YES_AGGRESSIVE;
				CLANG_CXX_LANGUAGE_STANDARD = "gnu++0x";
				CLANG_CXX_LIBRARY = "libc++";
				CLANG_ENABLE_MODULES = YES;
				CLANG_ENABLE_OBJC_ARC = YES;
				CLANG_WARN_BOOL_CONVERSION = YES;
				CLANG_WARN_CONSTANT_CONVERSION = YES;
				CLANG_WARN_DIRECT_OBJC_ISA_USAGE = YES_ERROR;
				CLANG_WARN_DOCUMENTATION_COMMENTS = YES;
				CLANG_WARN_EMPTY_BODY = YES;
				CLANG_WARN_ENUM_CONVERSION = YES;
				CLANG_WARN_INFINITE_RECURSION = YES;
				CLANG_WARN_INT_CONVERSION = YES;
				CLANG_WARN_OBJC_ROOT_CLASS = YES_ERROR;
				CLANG_WARN_SUSPICIOUS_MOVE = YES;
				CLANG_WARN_UNREACHABLE_CODE = YES;
				CLANG_WARN__DUPLICATE_METHOD_MATCH = YES;
				CODE_SIGN_IDENTITY = "-";
				COPY_PHASE_STRIP = NO;
				DEBUG_INFORMATION_FORMAT = "dwarf-with-dsym";
				ENABLE_NS_ASSERTIONS = NO;
				ENABLE_STRICT_OBJC_MSGSEND = YES;
				GCC_C_LANGUAGE_STANDARD = gnu99;
				GCC_NO_COMMON_BLOCKS = YES;
				GCC_WARN_64_TO_32_BIT_CONVERSION = YES;
				GCC_WARN_ABOUT_RETURN_TYPE = YES_ERROR;
				GCC_WARN_UNDECLARED_SELECTOR = YES;
				GCC_WARN_UNINITIALIZED_AUTOS = YES_AGGRESSIVE;
				GCC_WARN_UNUSED_FUNCTION = YES;
				GCC_WARN_UNUSED_VARIABLE = YES;
				MACOSX_DEPLOYMENT_TARGET = 10.12;
				MTL_ENABLE_DEBUG_INFO = NO;
				SDKROOT = macosx;
			};
			name = Release;
		};
		7701C08E1F737E8C00BB1D6F /* Debug */ = {
			isa = XCBuildConfiguration;
			buildSettings = {
				PRODUCT_NAME = "$(TARGET_NAME)";
			};
			name = Debug;
		};
		7701C08F1F737E8C00BB1D6F /* Release */ = {
			isa = XCBuildConfiguration;
			buildSettings = {
				PRODUCT_NAME = "$(TARGET_NAME)";
			};
			name = Release;
		};
/* End XCBuildConfiguration section */

/* Begin XCConfigurationList section */
		7701C0811F737E8C00BB1D6F /* Build configuration list for PBXProject "SSR-Board-Interface" */ = {
			isa = XCConfigurationList;
			buildConfigurations = (
				7701C08B1F737E8C00BB1D6F /* Debug */,
				7701C08C1F737E8C00BB1D6F /* Release */,
			);
			defaultConfigurationIsVisible = 0;
			defaultConfigurationName = Release;
		};
		7701C08D1F737E8C00BB1D6F /* Build configuration list for PBXNativeTarget "SSR-Board-Interface" */ = {
			isa = XCConfigurationList;
			buildConfigurations = (
				7701C08E1F737E8C00BB1D6F /* Debug */,
				7701C08F1F737E8C00BB1D6F /* Release */,
			);
			defaultConfigurationIsVisible = 0;
			defaultConfigurationName = Release;
		};
/* End XCConfigurationList section */
	};
	rootObject = 7701C07E1F737E8C00BB1D6F /* Project object */;
}
